// !$*UTF8*$!
{
	archiveVersion = 1;
	classes = {
	};
	objectVersion = 50;
	objects = {

/* Begin PBXBuildFile section */
		7D02896B2648FA5B001C4D8F /* AddAlarm.swift in Sources */ = {isa = PBXBuildFile; fileRef = 7D02896A2648FA5B001C4D8F /* AddAlarm.swift */; };
		7D02896E26490D02001C4D8F /* AlarmViewModel.swift in Sources */ = {isa = PBXBuildFile; fileRef = 7D02896D26490D02001C4D8F /* AlarmViewModel.swift */; };
		7D028970264913C7001C4D8F /* PersistenceController.swift in Sources */ = {isa = PBXBuildFile; fileRef = 7D02896F264913C7001C4D8F /* PersistenceController.swift */; };
		7D02897326491B36001C4D8F /* AlarmStorage.swift in Sources */ = {isa = PBXBuildFile; fileRef = 7D02897226491B36001C4D8F /* AlarmStorage.swift */; };
		7D02897826497B94001C4D8F /* DeleteCard.swift in Sources */ = {isa = PBXBuildFile; fileRef = 7D02897726497B94001C4D8F /* DeleteCard.swift */; };
		7D02897A264981F7001C4D8F /* NotificationManager.swift in Sources */ = {isa = PBXBuildFile; fileRef = 7D028979264981F7001C4D8F /* NotificationManager.swift */; };
		7D13EC9026479D8A00F611BA /* StalarmApp.swift in Sources */ = {isa = PBXBuildFile; fileRef = 7D13EC8F26479D8A00F611BA /* StalarmApp.swift */; };
		7D13EC9226479D8A00F611BA /* MainView.swift in Sources */ = {isa = PBXBuildFile; fileRef = 7D13EC9126479D8A00F611BA /* MainView.swift */; };
		7D13EC9426479D8C00F611BA /* Assets.xcassets in Resources */ = {isa = PBXBuildFile; fileRef = 7D13EC9326479D8C00F611BA /* Assets.xcassets */; };
		7D13EC9726479D8C00F611BA /* Preview Assets.xcassets in Resources */ = {isa = PBXBuildFile; fileRef = 7D13EC9626479D8C00F611BA /* Preview Assets.xcassets */; };
		7D13EC9F2647B0CF00F611BA /* ViewRouter.swift in Sources */ = {isa = PBXBuildFile; fileRef = 7D13EC9E2647B0CF00F611BA /* ViewRouter.swift */; };
		7D13ECA12647B2F000F611BA /* TabBarItem.swift in Sources */ = {isa = PBXBuildFile; fileRef = 7D13ECA02647B2F000F611BA /* TabBarItem.swift */; };
		7D13ECA32647EEE800F611BA /* AlarmListView.swift in Sources */ = {isa = PBXBuildFile; fileRef = 7D13ECA22647EEE800F611BA /* AlarmListView.swift */; };
		7D13ECA72647EFA700F611BA /* TimerListView.swift in Sources */ = {isa = PBXBuildFile; fileRef = 7D13ECA62647EFA700F611BA /* TimerListView.swift */; };
		7D13ECA92647F24200F611BA /* AlarmCard.swift in Sources */ = {isa = PBXBuildFile; fileRef = 7D13ECA82647F24200F611BA /* AlarmCard.swift */; };
		7D13ECAB264822A800F611BA /* EditAlarm.swift in Sources */ = {isa = PBXBuildFile; fileRef = 7D13ECAA264822A800F611BA /* EditAlarm.swift */; };
		7D13ECAD26483A1B00F611BA /* MusicList.swift in Sources */ = {isa = PBXBuildFile; fileRef = 7D13ECAC26483A1B00F611BA /* MusicList.swift */; };
		7D13ECB02648486200F611BA /* Stalarm.xcdatamodeld in Sources */ = {isa = PBXBuildFile; fileRef = 7D13ECAE2648486200F611BA /* Stalarm.xcdatamodeld */; };
/* End PBXBuildFile section */

/* Begin PBXFileReference section */
		7D02896A2648FA5B001C4D8F /* AddAlarm.swift */ = {isa = PBXFileReference; lastKnownFileType = sourcecode.swift; path = AddAlarm.swift; sourceTree = "<group>"; };
		7D02896D26490D02001C4D8F /* AlarmViewModel.swift */ = {isa = PBXFileReference; lastKnownFileType = sourcecode.swift; path = AlarmViewModel.swift; sourceTree = "<group>"; };
		7D02896F264913C7001C4D8F /* PersistenceController.swift */ = {isa = PBXFileReference; lastKnownFileType = sourcecode.swift; path = PersistenceController.swift; sourceTree = "<group>"; };
		7D02897226491B36001C4D8F /* AlarmStorage.swift */ = {isa = PBXFileReference; lastKnownFileType = sourcecode.swift; path = AlarmStorage.swift; sourceTree = "<group>"; };
		7D02897726497B94001C4D8F /* DeleteCard.swift */ = {isa = PBXFileReference; lastKnownFileType = sourcecode.swift; path = DeleteCard.swift; sourceTree = "<group>"; };
		7D028979264981F7001C4D8F /* NotificationManager.swift */ = {isa = PBXFileReference; lastKnownFileType = sourcecode.swift; path = NotificationManager.swift; sourceTree = "<group>"; };
		7D13EC8C26479D8A00F611BA /* Stalarm.app */ = {isa = PBXFileReference; explicitFileType = wrapper.application; includeInIndex = 0; path = Stalarm.app; sourceTree = BUILT_PRODUCTS_DIR; };
		7D13EC8F26479D8A00F611BA /* StalarmApp.swift */ = {isa = PBXFileReference; lastKnownFileType = sourcecode.swift; path = StalarmApp.swift; sourceTree = "<group>"; };
		7D13EC9126479D8A00F611BA /* MainView.swift */ = {isa = PBXFileReference; lastKnownFileType = sourcecode.swift; path = MainView.swift; sourceTree = "<group>"; };
		7D13EC9326479D8C00F611BA /* Assets.xcassets */ = {isa = PBXFileReference; lastKnownFileType = folder.assetcatalog; path = Assets.xcassets; sourceTree = "<group>"; };
		7D13EC9626479D8C00F611BA /* Preview Assets.xcassets */ = {isa = PBXFileReference; lastKnownFileType = folder.assetcatalog; path = "Preview Assets.xcassets"; sourceTree = "<group>"; };
		7D13EC9826479D8C00F611BA /* Info.plist */ = {isa = PBXFileReference; lastKnownFileType = text.plist.xml; path = Info.plist; sourceTree = "<group>"; };
		7D13EC9E2647B0CF00F611BA /* ViewRouter.swift */ = {isa = PBXFileReference; lastKnownFileType = sourcecode.swift; path = ViewRouter.swift; sourceTree = "<group>"; };
		7D13ECA02647B2F000F611BA /* TabBarItem.swift */ = {isa = PBXFileReference; lastKnownFileType = sourcecode.swift; path = TabBarItem.swift; sourceTree = "<group>"; };
		7D13ECA22647EEE800F611BA /* AlarmListView.swift */ = {isa = PBXFileReference; lastKnownFileType = sourcecode.swift; path = AlarmListView.swift; sourceTree = "<group>"; };
		7D13ECA62647EFA700F611BA /* TimerListView.swift */ = {isa = PBXFileReference; lastKnownFileType = sourcecode.swift; path = TimerListView.swift; sourceTree = "<group>"; };
		7D13ECA82647F24200F611BA /* AlarmCard.swift */ = {isa = PBXFileReference; lastKnownFileType = sourcecode.swift; path = AlarmCard.swift; sourceTree = "<group>"; };
		7D13ECAA264822A800F611BA /* EditAlarm.swift */ = {isa = PBXFileReference; lastKnownFileType = sourcecode.swift; path = EditAlarm.swift; sourceTree = "<group>"; };
		7D13ECAC26483A1B00F611BA /* MusicList.swift */ = {isa = PBXFileReference; lastKnownFileType = sourcecode.swift; path = MusicList.swift; sourceTree = "<group>"; };
		7D13ECAF2648486200F611BA /* Stalarm.xcdatamodel */ = {isa = PBXFileReference; lastKnownFileType = wrapper.xcdatamodel; path = Stalarm.xcdatamodel; sourceTree = "<group>"; };
/* End PBXFileReference section */

/* Begin PBXFrameworksBuildPhase section */
		7D13EC8926479D8A00F611BA /* Frameworks */ = {
			isa = PBXFrameworksBuildPhase;
			buildActionMask = 2147483647;
			files = (
			);
			runOnlyForDeploymentPostprocessing = 0;
		};
/* End PBXFrameworksBuildPhase section */

/* Begin PBXGroup section */
		7D02896C26490BB0001C4D8F /* View Models */ = {
			isa = PBXGroup;
			children = (
				7D02896D26490D02001C4D8F /* AlarmViewModel.swift */,
			);
			path = "View Models";
			sourceTree = "<group>";
		};
		7D02897126491B28001C4D8F /* Singleton */ = {
			isa = PBXGroup;
			children = (
				7D028979264981F7001C4D8F /* NotificationManager.swift */,
				7D02896F264913C7001C4D8F /* PersistenceController.swift */,
				7D02897226491B36001C4D8F /* AlarmStorage.swift */,
			);
			path = Singleton;
			sourceTree = "<group>";
		};
		7D0289742649657E001C4D8F /* Alarm */ = {
			isa = PBXGroup;
			children = (
				7D13ECA22647EEE800F611BA /* AlarmListView.swift */,
				7D13ECA82647F24200F611BA /* AlarmCard.swift */,
				7D13ECAA264822A800F611BA /* EditAlarm.swift */,
			);
			path = Alarm;
			sourceTree = "<group>";
		};
		7D13EC8326479D8A00F611BA = {
			isa = PBXGroup;
			children = (
				7D13EC8E26479D8A00F611BA /* Stalarm */,
				7D13EC8D26479D8A00F611BA /* Products */,
			);
			sourceTree = "<group>";
		};
		7D13EC8D26479D8A00F611BA /* Products */ = {
			isa = PBXGroup;
			children = (
				7D13EC8C26479D8A00F611BA /* Stalarm.app */,
			);
			name = Products;
			sourceTree = "<group>";
		};
		7D13EC8E26479D8A00F611BA /* Stalarm */ = {
			isa = PBXGroup;
			children = (
				7D02897126491B28001C4D8F /* Singleton */,
				7D02896C26490BB0001C4D8F /* View Models */,
				7D13ECA52647EF9400F611BA /* Application */,
				7D13ECB22648487A00F611BA /* Helper */,
				7D13ECB12648486800F611BA /* Core Data */,
				7D13EC9326479D8C00F611BA /* Assets.xcassets */,
				7D13EC9826479D8C00F611BA /* Info.plist */,
				7D13EC9526479D8C00F611BA /* Preview Content */,
				7D13ECA42647EF8B00F611BA /* Views */,
			);
			path = Stalarm;
			sourceTree = "<group>";
		};
		7D13EC9526479D8C00F611BA /* Preview Content */ = {
			isa = PBXGroup;
			children = (
				7D13EC9626479D8C00F611BA /* Preview Assets.xcassets */,
			);
			path = "Preview Content";
			sourceTree = "<group>";
		};
		7D13ECA42647EF8B00F611BA /* Views */ = {
			isa = PBXGroup;
			children = (
				7D13EC9126479D8A00F611BA /* MainView.swift */,
				7D13ECA02647B2F000F611BA /* TabBarItem.swift */,
				7D0289742649657E001C4D8F /* Alarm */,
				7D13ECA62647EFA700F611BA /* TimerListView.swift */,
				7D13ECAC26483A1B00F611BA /* MusicList.swift */,
				7D02896A2648FA5B001C4D8F /* AddAlarm.swift */,
				7D02897726497B94001C4D8F /* DeleteCard.swift */,
			);
			path = Views;
			sourceTree = "<group>";
		};
		7D13ECA52647EF9400F611BA /* Application */ = {
			isa = PBXGroup;
			children = (
				7D13EC8F26479D8A00F611BA /* StalarmApp.swift */,
			);
			path = Application;
			sourceTree = "<group>";
		};
		7D13ECB12648486800F611BA /* Core Data */ = {
			isa = PBXGroup;
			children = (
				7D13ECAE2648486200F611BA /* Stalarm.xcdatamodeld */,
			);
			path = "Core Data";
			sourceTree = "<group>";
		};
		7D13ECB22648487A00F611BA /* Helper */ = {
			isa = PBXGroup;
			children = (
				7D13EC9E2647B0CF00F611BA /* ViewRouter.swift */,
			);
			path = Helper;
			sourceTree = "<group>";
		};
/* End PBXGroup section */

/* Begin PBXNativeTarget section */
		7D13EC8B26479D8A00F611BA /* Stalarm */ = {
			isa = PBXNativeTarget;
			buildConfigurationList = 7D13EC9B26479D8C00F611BA /* Build configuration list for PBXNativeTarget "Stalarm" */;
			buildPhases = (
				7D13EC8826479D8A00F611BA /* Sources */,
				7D13EC8926479D8A00F611BA /* Frameworks */,
				7D13EC8A26479D8A00F611BA /* Resources */,
			);
			buildRules = (
			);
			dependencies = (
			);
			name = Stalarm;
			productName = Stalarm;
			productReference = 7D13EC8C26479D8A00F611BA /* Stalarm.app */;
			productType = "com.apple.product-type.application";
		};
/* End PBXNativeTarget section */

/* Begin PBXProject section */
		7D13EC8426479D8A00F611BA /* Project object */ = {
			isa = PBXProject;
			attributes = {
				LastSwiftUpdateCheck = 1250;
				LastUpgradeCheck = 1250;
				TargetAttributes = {
					7D13EC8B26479D8A00F611BA = {
						CreatedOnToolsVersion = 12.5;
					};
				};
			};
			buildConfigurationList = 7D13EC8726479D8A00F611BA /* Build configuration list for PBXProject "Stalarm" */;
			compatibilityVersion = "Xcode 9.3";
			developmentRegion = en;
			hasScannedForEncodings = 0;
			knownRegions = (
				en,
				Base,
			);
			mainGroup = 7D13EC8326479D8A00F611BA;
			productRefGroup = 7D13EC8D26479D8A00F611BA /* Products */;
			projectDirPath = "";
			projectRoot = "";
			targets = (
				7D13EC8B26479D8A00F611BA /* Stalarm */,
			);
		};
/* End PBXProject section */

/* Begin PBXResourcesBuildPhase section */
		7D13EC8A26479D8A00F611BA /* Resources */ = {
			isa = PBXResourcesBuildPhase;
			buildActionMask = 2147483647;
			files = (
				7D13EC9726479D8C00F611BA /* Preview Assets.xcassets in Resources */,
				7D13EC9426479D8C00F611BA /* Assets.xcassets in Resources */,
			);
			runOnlyForDeploymentPostprocessing = 0;
		};
/* End PBXResourcesBuildPhase section */

/* Begin PBXSourcesBuildPhase section */
		7D13EC8826479D8A00F611BA /* Sources */ = {
			isa = PBXSourcesBuildPhase;
			buildActionMask = 2147483647;
			files = (
				7D13ECAD26483A1B00F611BA /* MusicList.swift in Sources */,
				7D13EC9226479D8A00F611BA /* MainView.swift in Sources */,
				7D13ECB02648486200F611BA /* Stalarm.xcdatamodeld in Sources */,
				7D13ECA32647EEE800F611BA /* AlarmListView.swift in Sources */,
				7D02896E26490D02001C4D8F /* AlarmViewModel.swift in Sources */,
				7D13ECA72647EFA700F611BA /* TimerListView.swift in Sources */,
				7D02897A264981F7001C4D8F /* NotificationManager.swift in Sources */,
				7D13EC9F2647B0CF00F611BA /* ViewRouter.swift in Sources */,
				7D02896B2648FA5B001C4D8F /* AddAlarm.swift in Sources */,
				7D028970264913C7001C4D8F /* PersistenceController.swift in Sources */,
				7D13EC9026479D8A00F611BA /* StalarmApp.swift in Sources */,
				7D13ECAB264822A800F611BA /* EditAlarm.swift in Sources */,
				7D02897326491B36001C4D8F /* AlarmStorage.swift in Sources */,
				7D13ECA12647B2F000F611BA /* TabBarItem.swift in Sources */,
				7D13ECA92647F24200F611BA /* AlarmCard.swift in Sources */,
				7D02897826497B94001C4D8F /* DeleteCard.swift in Sources */,
			);
			runOnlyForDeploymentPostprocessing = 0;
		};
/* End PBXSourcesBuildPhase section */

/* Begin XCBuildConfiguration section */
		7D13EC9926479D8C00F611BA /* Debug */ = {
			isa = XCBuildConfiguration;
			buildSettings = {
				ALWAYS_SEARCH_USER_PATHS = NO;
				CLANG_ANALYZER_NONNULL = YES;
				CLANG_ANALYZER_NUMBER_OBJECT_CONVERSION = YES_AGGRESSIVE;
				CLANG_CXX_LANGUAGE_STANDARD = "gnu++14";
				CLANG_CXX_LIBRARY = "libc++";
				CLANG_ENABLE_MODULES = YES;
				CLANG_ENABLE_OBJC_ARC = YES;
				CLANG_ENABLE_OBJC_WEAK = YES;
				CLANG_WARN_BLOCK_CAPTURE_AUTORELEASING = YES;
				CLANG_WARN_BOOL_CONVERSION = YES;
				CLANG_WARN_COMMA = YES;
				CLANG_WARN_CONSTANT_CONVERSION = YES;
				CLANG_WARN_DEPRECATED_OBJC_IMPLEMENTATIONS = YES;
				CLANG_WARN_DIRECT_OBJC_ISA_USAGE = YES_ERROR;
				CLANG_WARN_DOCUMENTATION_COMMENTS = YES;
				CLANG_WARN_EMPTY_BODY = YES;
				CLANG_WARN_ENUM_CONVERSION = YES;
				CLANG_WARN_INFINITE_RECURSION = YES;
				CLANG_WARN_INT_CONVERSION = YES;
				CLANG_WARN_NON_LITERAL_NULL_CONVERSION = YES;
				CLANG_WARN_OBJC_IMPLICIT_RETAIN_SELF = YES;
				CLANG_WARN_OBJC_LITERAL_CONVERSION = YES;
				CLANG_WARN_OBJC_ROOT_CLASS = YES_ERROR;
				CLANG_WARN_QUOTED_INCLUDE_IN_FRAMEWORK_HEADER = YES;
				CLANG_WARN_RANGE_LOOP_ANALYSIS = YES;
				CLANG_WARN_STRICT_PROTOTYPES = YES;
				CLANG_WARN_SUSPICIOUS_MOVE = YES;
				CLANG_WARN_UNGUARDED_AVAILABILITY = YES_AGGRESSIVE;
				CLANG_WARN_UNREACHABLE_CODE = YES;
				CLANG_WARN__DUPLICATE_METHOD_MATCH = YES;
				COPY_PHASE_STRIP = NO;
				DEBUG_INFORMATION_FORMAT = dwarf;
				ENABLE_STRICT_OBJC_MSGSEND = YES;
				ENABLE_TESTABILITY = YES;
				GCC_C_LANGUAGE_STANDARD = gnu11;
				GCC_DYNAMIC_NO_PIC = NO;
				GCC_NO_COMMON_BLOCKS = YES;
				GCC_OPTIMIZATION_LEVEL = 0;
				GCC_PREPROCESSOR_DEFINITIONS = (
					"DEBUG=1",
					"$(inherited)",
				);
				GCC_WARN_64_TO_32_BIT_CONVERSION = YES;
				GCC_WARN_ABOUT_RETURN_TYPE = YES_ERROR;
				GCC_WARN_UNDECLARED_SELECTOR = YES;
				GCC_WARN_UNINITIALIZED_AUTOS = YES_AGGRESSIVE;
				GCC_WARN_UNUSED_FUNCTION = YES;
				GCC_WARN_UNUSED_VARIABLE = YES;
				IPHONEOS_DEPLOYMENT_TARGET = 14.5;
				MTL_ENABLE_DEBUG_INFO = INCLUDE_SOURCE;
				MTL_FAST_MATH = YES;
				ONLY_ACTIVE_ARCH = YES;
				SDKROOT = iphoneos;
				SWIFT_ACTIVE_COMPILATION_CONDITIONS = DEBUG;
				SWIFT_OPTIMIZATION_LEVEL = "-Onone";
			};
			name = Debug;
		};
		7D13EC9A26479D8C00F611BA /* Release */ = {
			isa = XCBuildConfiguration;
			buildSettings = {
				ALWAYS_SEARCH_USER_PATHS = NO;
				CLANG_ANALYZER_NONNULL = YES;
				CLANG_ANALYZER_NUMBER_OBJECT_CONVERSION = YES_AGGRESSIVE;
				CLANG_CXX_LANGUAGE_STANDARD = "gnu++14";
				CLANG_CXX_LIBRARY = "libc++";
				CLANG_ENABLE_MODULES = YES;
				CLANG_ENABLE_OBJC_ARC = YES;
				CLANG_ENABLE_OBJC_WEAK = YES;
				CLANG_WARN_BLOCK_CAPTURE_AUTORELEASING = YES;
				CLANG_WARN_BOOL_CONVERSION = YES;
				CLANG_WARN_COMMA = YES;
				CLANG_WARN_CONSTANT_CONVERSION = YES;
				CLANG_WARN_DEPRECATED_OBJC_IMPLEMENTATIONS = YES;
				CLANG_WARN_DIRECT_OBJC_ISA_USAGE = YES_ERROR;
				CLANG_WARN_DOCUMENTATION_COMMENTS = YES;
				CLANG_WARN_EMPTY_BODY = YES;
				CLANG_WARN_ENUM_CONVERSION = YES;
				CLANG_WARN_INFINITE_RECURSION = YES;
				CLANG_WARN_INT_CONVERSION = YES;
				CLANG_WARN_NON_LITERAL_NULL_CONVERSION = YES;
				CLANG_WARN_OBJC_IMPLICIT_RETAIN_SELF = YES;
				CLANG_WARN_OBJC_LITERAL_CONVERSION = YES;
				CLANG_WARN_OBJC_ROOT_CLASS = YES_ERROR;
				CLANG_WARN_QUOTED_INCLUDE_IN_FRAMEWORK_HEADER = YES;
				CLANG_WARN_RANGE_LOOP_ANALYSIS = YES;
				CLANG_WARN_STRICT_PROTOTYPES = YES;
				CLANG_WARN_SUSPICIOUS_MOVE = YES;
				CLANG_WARN_UNGUARDED_AVAILABILITY = YES_AGGRESSIVE;
				CLANG_WARN_UNREACHABLE_CODE = YES;
				CLANG_WARN__DUPLICATE_METHOD_MATCH = YES;
				COPY_PHASE_STRIP = NO;
				DEBUG_INFORMATION_FORMAT = "dwarf-with-dsym";
				ENABLE_NS_ASSERTIONS = NO;
				ENABLE_STRICT_OBJC_MSGSEND = YES;
				GCC_C_LANGUAGE_STANDARD = gnu11;
				GCC_NO_COMMON_BLOCKS = YES;
				GCC_WARN_64_TO_32_BIT_CONVERSION = YES;
				GCC_WARN_ABOUT_RETURN_TYPE = YES_ERROR;
				GCC_WARN_UNDECLARED_SELECTOR = YES;
				GCC_WARN_UNINITIALIZED_AUTOS = YES_AGGRESSIVE;
				GCC_WARN_UNUSED_FUNCTION = YES;
				GCC_WARN_UNUSED_VARIABLE = YES;
				IPHONEOS_DEPLOYMENT_TARGET = 14.5;
				MTL_ENABLE_DEBUG_INFO = NO;
				MTL_FAST_MATH = YES;
				SDKROOT = iphoneos;
				SWIFT_COMPILATION_MODE = wholemodule;
				SWIFT_OPTIMIZATION_LEVEL = "-O";
				VALIDATE_PRODUCT = YES;
			};
			name = Release;
		};
		7D13EC9C26479D8C00F611BA /* Debug */ = {
			isa = XCBuildConfiguration;
			buildSettings = {
				ASSETCATALOG_COMPILER_APPICON_NAME = AppIcon;
				ASSETCATALOG_COMPILER_GLOBAL_ACCENT_COLOR_NAME = AccentColor;
				CODE_SIGN_STYLE = Automatic;
				DEVELOPMENT_ASSET_PATHS = "\"Stalarm/Preview Content\"";
				DEVELOPMENT_TEAM = 6QH35NFSG6;
				ENABLE_PREVIEWS = YES;
				INFOPLIST_FILE = Stalarm/Info.plist;
				IPHONEOS_DEPLOYMENT_TARGET = 14.0;
				LD_RUNPATH_SEARCH_PATHS = (
					"$(inherited)",
					"@executable_path/Frameworks",
				);
				PRODUCT_BUNDLE_IDENTIFIER = andreanlay.Stalarm;
				PRODUCT_NAME = "$(TARGET_NAME)";
				SWIFT_VERSION = 5.0;
				TARGETED_DEVICE_FAMILY = "1,2";
			};
			name = Debug;
		};
		7D13EC9D26479D8C00F611BA /* Release */ = {
			isa = XCBuildConfiguration;
			buildSettings = {
				ASSETCATALOG_COMPILER_APPICON_NAME = AppIcon;
				ASSETCATALOG_COMPILER_GLOBAL_ACCENT_COLOR_NAME = AccentColor;
				CODE_SIGN_STYLE = Automatic;
				DEVELOPMENT_ASSET_PATHS = "\"Stalarm/Preview Content\"";
				DEVELOPMENT_TEAM = 6QH35NFSG6;
				ENABLE_PREVIEWS = YES;
				INFOPLIST_FILE = Stalarm/Info.plist;
				IPHONEOS_DEPLOYMENT_TARGET = 14.0;
				LD_RUNPATH_SEARCH_PATHS = (
					"$(inherited)",
					"@executable_path/Frameworks",
				);
				PRODUCT_BUNDLE_IDENTIFIER = andreanlay.Stalarm;
				PRODUCT_NAME = "$(TARGET_NAME)";
				SWIFT_VERSION = 5.0;
				TARGETED_DEVICE_FAMILY = "1,2";
			};
			name = Release;
		};
/* End XCBuildConfiguration section */

/* Begin XCConfigurationList section */
		7D13EC8726479D8A00F611BA /* Build configuration list for PBXProject "Stalarm" */ = {
			isa = XCConfigurationList;
			buildConfigurations = (
				7D13EC9926479D8C00F611BA /* Debug */,
				7D13EC9A26479D8C00F611BA /* Release */,
			);
			defaultConfigurationIsVisible = 0;
			defaultConfigurationName = Release;
		};
		7D13EC9B26479D8C00F611BA /* Build configuration list for PBXNativeTarget "Stalarm" */ = {
			isa = XCConfigurationList;
			buildConfigurations = (
				7D13EC9C26479D8C00F611BA /* Debug */,
				7D13EC9D26479D8C00F611BA /* Release */,
			);
			defaultConfigurationIsVisible = 0;
			defaultConfigurationName = Release;
		};
/* End XCConfigurationList section */

/* Begin XCVersionGroup section */
		7D13ECAE2648486200F611BA /* Stalarm.xcdatamodeld */ = {
			isa = XCVersionGroup;
			children = (
				7D13ECAF2648486200F611BA /* Stalarm.xcdatamodel */,
			);
			currentVersion = 7D13ECAF2648486200F611BA /* Stalarm.xcdatamodel */;
			path = Stalarm.xcdatamodeld;
			sourceTree = "<group>";
			versionGroupType = wrapper.xcdatamodel;
		};
/* End XCVersionGroup section */
	};
	rootObject = 7D13EC8426479D8A00F611BA /* Project object */;
}
